
Microsoft Visual Studio Solution File, Format Version 12.00
# Visual Studio 14
VisualStudioVersion = 14.0.25420.1
MinimumVisualStudioVersion = 10.0.40219.1
Project("{FAE04EC0-301F-11D3-BF4B-00C04F79EFBC}") = "Kite.Base.Dominio", "Kite.Base.Dominio\Kite.Base.Dominio.csproj", "{62CBD6EC-2001-4CF9-8769-31441055EF2F}"
EndProject
Project("{FAE04EC0-301F-11D3-BF4B-00C04F79EFBC}") = "Kite.Base.Repositorio", "Kite.Base.Repositorio\Kite.Base.Repositorio.csproj", "{9520561C-891B-45A1-96BB-BAC7D25F600B}"
EndProject
Project("{FAE04EC0-301F-11D3-BF4B-00C04F79EFBC}") = "Kite.Base.Util", "Kite.Base.Util\Kite.Base.Util.csproj", "{C96D2680-5E97-423B-BC38-6850867EFFBC}"
EndProject
Project("{FAE04EC0-301F-11D3-BF4B-00C04F79EFBC}") = "Kite.Base.Testes", "Kite.Base.Testes\Kite.Base.Testes.csproj", "{8B47159C-DFE2-4862-8817-393F26B8263A}"
EndProject
Project("{FAE04EC0-301F-11D3-BF4B-00C04F79EFBC}") = "Kite.Base.Api", "Kite.Base.Api\Kite.Base.Api.csproj", "{8E3616DF-8BCB-491B-8386-937329A05AE5}"
EndProject
Global
	GlobalSection(SolutionConfigurationPlatforms) = preSolution
		Debug|Any CPU = Debug|Any CPU
		Release|Any CPU = Release|Any CPU
	EndGlobalSection
	GlobalSection(ProjectConfigurationPlatforms) = postSolution
		{62CBD6EC-2001-4CF9-8769-31441055EF2F}.Debug|Any CPU.ActiveCfg = Debug|Any CPU
		{62CBD6EC-2001-4CF9-8769-31441055EF2F}.Debug|Any CPU.Build.0 = Debug|Any CPU
		{62CBD6EC-2001-4CF9-8769-31441055EF2F}.Release|Any CPU.ActiveCfg = Release|Any CPU
		{62CBD6EC-2001-4CF9-8769-31441055EF2F}.Release|Any CPU.Build.0 = Release|Any CPU
		{9520561C-891B-45A1-96BB-BAC7D25F600B}.Debug|Any CPU.ActiveCfg = Debug|Any CPU
		{9520561C-891B-45A1-96BB-BAC7D25F600B}.Debug|Any CPU.Build.0 = Debug|Any CPU
		{9520561C-891B-45A1-96BB-BAC7D25F600B}.Release|Any CPU.ActiveCfg = Release|Any CPU
		{9520561C-891B-45A1-96BB-BAC7D25F600B}.Release|Any CPU.Build.0 = Release|Any CPU
		{C96D2680-5E97-423B-BC38-6850867EFFBC}.Debug|Any CPU.ActiveCfg = Debug|Any CPU
		{C96D2680-5E97-423B-BC38-6850867EFFBC}.Debug|Any CPU.Build.0 = Debug|Any CPU
		{C96D2680-5E97-423B-BC38-6850867EFFBC}.Release|Any CPU.ActiveCfg = Release|Any CPU
		{C96D2680-5E97-423B-BC38-6850867EFFBC}.Release|Any CPU.Build.0 = Release|Any CPU
		{8B47159C-DFE2-4862-8817-393F26B8263A}.Debug|Any CPU.ActiveCfg = Debug|Any CPU
		{8B47159C-DFE2-4862-8817-393F26B8263A}.Debug|Any CPU.Build.0 = Debug|Any CPU
		{8B47159C-DFE2-4862-8817-393F26B8263A}.Release|Any CPU.ActiveCfg = Release|Any CPU
		{8B47159C-DFE2-4862-8817-393F26B8263A}.Release|Any CPU.Build.0 = Release|Any CPU
		{8E3616DF-8BCB-491B-8386-937329A05AE5}.Debug|Any CPU.ActiveCfg = Debug|Any CPU
		{8E3616DF-8BCB-491B-8386-937329A05AE5}.Debug|Any CPU.Build.0 = Debug|Any CPU
		{8E3616DF-8BCB-491B-8386-937329A05AE5}.Release|Any CPU.ActiveCfg = Release|Any CPU
		{8E3616DF-8BCB-491B-8386-937329A05AE5}.Release|Any CPU.Build.0 = Release|Any CPU
	EndGlobalSection
	GlobalSection(SolutionProperties) = preSolution
		HideSolutionNode = FALSE
	EndGlobalSection
EndGlobal
